CategoryList:
- Tools-Utilities
- Other
Config:
  Device: {}
  Label: {}
  Path: {}
  Port: {}
  Variable: {}
Icon: https://raw.githubusercontent.com/SmartPhoneLover/unraid-docker-templates/main/templates/icons/newyearcountdownclock.png
Keywords:
- newyearcountdownclock
- Tools-Utilities
- Other
Name: newyearcountdownclock
Overview: "DESCRIPTION\r\n"
PostArgs: ''
Privileged: 'false'
Registry: https://hub.docker.com/r/modem7/newyearcountdown
Repository: modem7/newyearcountdown
Requires: ''
Sources:
- https://github.com/modem7/Docker-NewYearCountdown
- https://hub.docker.com/r/modem7/newyearcountdown
Tag: latest
WebUI: http://[IP]:[PORT:80]
