CategoryList:
- Tools-Utilities
- Other
Config:
  Device: {}
  Label: {}
  Path: {}
  Port:
    WebUI:
      Default: ''
      Description: ''
      Display: always
      Mask: 'false'
      Mode: tcp
      Name: WebUI
      Required: 'false'
      Target: '80'
      Type: Port
      value: '8084'
  Variable: {}
FirstSeen: 1644541392
Icon: https://raw.githubusercontent.com/SmartPhoneLover/unraid-docker-templates/main/templates/icons/newyearcountdownclock.png
LastUpdate: 1646745362
LastUpdateScan: 1647140592
Name: NewYearCountdownClock
Network: bridge
Overview: "DESCRIPTION\r\nWeb app that counts down to next January 1st. It selects\
  \ automatically the next year (based on local system time). \r\n\r\nLive demo:\r\
  \nhttps://modem7.github.io/Docker-NewYearCountdown/countdown.html\r\nhttps://patrickgold.dev/newyear-countdown/countdown.html\r\
  \n\r\nVERSION\r\n1.0 (2022-02-11)"
PostArgs: ''
Privileged: 'false'
Project: https://github.com/modem7/Docker-NewYearCountdown
Registry: https://hub.docker.com/r/modem7/newyearcountdown
Repo: SmartPhoneLover's Repository
Repository: modem7/newyearcountdown
Requires: ''
Support: https://forums.unraid.net/topic/119888-support-smartphonelover-new-year-countdown-clock/
TemplateURL: https://raw.githubusercontent.com/SmartPhoneLover/unraid-docker-templates/master/templates/NewYearCountdownClock.xml
Video: https://www.youtube.com/watch?v=1y06G853Udg
WebUI: http://[IP]:[PORT:80]
